[[package]]
category = "main"
description = "Git Object Database"
name = "gitdb"
optional = false
python-versions = ">=3.4"
version = "4.0.2"

[package.dependencies]
smmap = ">=3.0.1,<4"

[[package]]
category = "main"
description = "Python Git Library"
name = "gitpython"
optional = false
python-versions = ">=3.4"
version = "3.1.0"

[package.dependencies]
gitdb = ">=4.0.1,<5"

[[package]]
category = "main"
description = "A pure Python implementation of a sliding window memory map manager"
name = "smmap"
optional = false
python-versions = ">=2.7, !=3.0.*, !=3.1.*, !=3.2.*, !=3.3.*"
version = "3.0.1"

[metadata]
content-hash = "816eafcf215cfcc33cae35150fe517e2a4e2eb73e2c3d4ec0b935d58f6cfb370"
python-versions = "^3.6"

[metadata.files]
gitdb = [
    {file = "gitdb-4.0.2-py3-none-any.whl", hash = "sha256:284a6a4554f954d6e737cddcff946404393e030b76a282c6640df8efd6b3da5e"},
    {file = "gitdb-4.0.2.tar.gz", hash = "sha256:598e0096bb3175a0aab3a0b5aedaa18a9a25c6707e0eca0695ba1a0baf1b2150"},
]
gitpython = [
    {file = "GitPython-3.1.0-py3-none-any.whl", hash = "sha256:43da89427bdf18bf07f1164c6d415750693b4d50e28fc9b68de706245147b9dd"},
    {file = "GitPython-3.1.0.tar.gz", hash = "sha256:e426c3b587bd58c482f0b7fe6145ff4ac7ae6c82673fc656f489719abca6f4cb"},
]
smmap = [
    {file = "smmap-3.0.1-py2.py3-none-any.whl", hash = "sha256:5fead614cf2de17ee0707a8c6a5f2aa5a2fc6c698c70993ba42f515485ffda78"},
    {file = "smmap-3.0.1.tar.gz", hash = "sha256:171484fe62793e3626c8b05dd752eb2ca01854b0c55a1efc0dc4210fccb65446"},
]
